# Generated by buf. DO NOT EDIT.
version: v1
deps:
  - remote: buf.build
    owner: haris
    repository: conduit-commons
    commit: f9ca4999fb9445959d78b9f627bf8d19
    digest: shake256:93c24c6a3816c3812533c16ad455b3e948ee7581692652fbc88d1b5c87e15453733d93b5c644576b081bb0db96f01a43365bf6811c5736aaccfeea74c1911a0a
