# Generated by buf. DO NOT EDIT.
version: v1
deps:
  - remote: buf.build
    owner: conduitio
    repository: conduit-commons
    commit: 5b10e1d6574640b2864772621d09bba7
    digest: shake256:54f1581e61a4f540fe141893c80a924e0091cfe57b19bde9078ca10dd152828acdebcc8e6b9abf2fb6c8dbede06d0903fc85b426009ad9e9fb149813bfe75d63
